// !$*UTF8*$!
{
	archiveVersion = 1;
	classes = {
	};
	objectVersion = 46;
	objects = {

/* Begin PBXBuildFile section */
		BD1633851EB1B2C8009A3CD5 /* metal_squeezenet.dat in Resources */ = {isa = PBXBuildFile; fileRef = BD1633841EB1B2C8009A3CD5 /* metal_squeezenet.dat */; };
		BD2190061EC1C66200DB2E29 /* GeneralNet.m in Sources */ = {isa = PBXBuildFile; fileRef = BD2190051EC1C66200DB2E29 /* GeneralNet.m */; };
		BD5F179A1EC3322E00A5578B /* googlenet.json in Resources */ = {isa = PBXBuildFile; fileRef = BD5F17991EC3322E00A5578B /* googlenet.json */; };
		BD5F179D1EC332AE00A5578B /* alexnet.json in Resources */ = {isa = PBXBuildFile; fileRef = BD5F179B1EC332AE00A5578B /* alexnet.json */; };
		BD5F179E1EC332AE00A5578B /* squeezenet.json in Resources */ = {isa = PBXBuildFile; fileRef = BD5F179C1EC332AE00A5578B /* squeezenet.json */; };
		BD87B74A1EA6006C00DF731C /* main.m in Sources */ = {isa = PBXBuildFile; fileRef = BD87B7491EA6006C00DF731C /* main.m */; };
		BD87B74D1EA6006C00DF731C /* AppDelegate.m in Sources */ = {isa = PBXBuildFile; fileRef = BD87B74C1EA6006C00DF731C /* AppDelegate.m */; };
		BD87B7531EA6006C00DF731C /* Main.storyboard in Resources */ = {isa = PBXBuildFile; fileRef = BD87B7511EA6006C00DF731C /* Main.storyboard */; };
		BD87B7551EA6006C00DF731C /* Assets.xcassets in Resources */ = {isa = PBXBuildFile; fileRef = BD87B7541EA6006C00DF731C /* Assets.xcassets */; };
		BD87B7581EA6006C00DF731C /* LaunchScreen.storyboard in Resources */ = {isa = PBXBuildFile; fileRef = BD87B7561EA6006C00DF731C /* LaunchScreen.storyboard */; };
		BD87B7631EA6006C00DF731C /* GeneralNetTests.m in Sources */ = {isa = PBXBuildFile; fileRef = BD87B7621EA6006C00DF731C /* GeneralNetTests.m */; };
		BD87B76E1EA6006C00DF731C /* GeneralNetUITests.m in Sources */ = {isa = PBXBuildFile; fileRef = BD87B76D1EA6006C00DF731C /* GeneralNetUITests.m */; };
		BD87B7821EA600A300DF731C /* ViewController.m in Sources */ = {isa = PBXBuildFile; fileRef = BD87B77C1EA600A300DF731C /* ViewController.m */; };
		BD87B7841EA600A300DF731C /* SlimMPSCNN.m in Sources */ = {isa = PBXBuildFile; fileRef = BD87B7801EA600A300DF731C /* SlimMPSCNN.m */; };
		BD87B7851EA600A300DF731C /* Shaders.metal in Sources */ = {isa = PBXBuildFile; fileRef = BD87B7811EA600A300DF731C /* Shaders.metal */; };
		BD87B7A21EA600F600DF731C /* metal_alexnet.dat in Resources */ = {isa = PBXBuildFile; fileRef = BD87B7861EA600F600DF731C /* metal_alexnet.dat */; };
		BD87B7BE1EA6013000DF731C /* final7.jpg in Resources */ = {isa = PBXBuildFile; fileRef = BD87B7B61EA6013000DF731C /* final7.jpg */; };
		BD87B7BF1EA6013000DF731C /* final1.jpg in Resources */ = {isa = PBXBuildFile; fileRef = BD87B7B71EA6013000DF731C /* final1.jpg */; };
		BD87B7C01EA6013000DF731C /* final2.jpg in Resources */ = {isa = PBXBuildFile; fileRef = BD87B7B81EA6013000DF731C /* final2.jpg */; };
		BD87B7C11EA6013000DF731C /* final3.jpg in Resources */ = {isa = PBXBuildFile; fileRef = BD87B7B91EA6013000DF731C /* final3.jpg */; };
		BD87B7C21EA6013000DF731C /* final4.jpg in Resources */ = {isa = PBXBuildFile; fileRef = BD87B7BA1EA6013000DF731C /* final4.jpg */; };
		BD87B7C31EA6013000DF731C /* final8.jpg in Resources */ = {isa = PBXBuildFile; fileRef = BD87B7BB1EA6013000DF731C /* final8.jpg */; };
		BD87B7C41EA6013000DF731C /* final5.jpg in Resources */ = {isa = PBXBuildFile; fileRef = BD87B7BC1EA6013000DF731C /* final5.jpg */; };
		BD87B7C51EA6013000DF731C /* final6.jpg in Resources */ = {isa = PBXBuildFile; fileRef = BD87B7BD1EA6013000DF731C /* final6.jpg */; };
		BD9593901EAAE8C80095F009 /* final0.jpg in Resources */ = {isa = PBXBuildFile; fileRef = BD95938F1EAAE8C80095F009 /* final0.jpg */; };
		BDB3DE081ECF04FF00F9B865 /* final9.jpg in Resources */ = {isa = PBXBuildFile; fileRef = BDB3DE071ECF04FF00F9B865 /* final9.jpg */; };
		BDCE1C681ED3E928006BBD69 /* CPULayer.m in Sources */ = {isa = PBXBuildFile; fileRef = BDCE1C671ED3E928006BBD69 /* CPULayer.m */; };
		BDF651A91EB06783009E35A6 /* metal_googlenet.dat in Resources */ = {isa = PBXBuildFile; fileRef = BDF651A81EB06783009E35A6 /* metal_googlenet.dat */; };
/* End PBXBuildFile section */

/* Begin PBXContainerItemProxy section */
		BD87B75F1EA6006C00DF731C /* PBXContainerItemProxy */ = {
			isa = PBXContainerItemProxy;
			containerPortal = BD87B73D1EA6006C00DF731C /* Project object */;
			proxyType = 1;
			remoteGlobalIDString = BD87B7441EA6006C00DF731C;
			remoteInfo = GeneralNet;
		};
		BD87B76A1EA6006C00DF731C /* PBXContainerItemProxy */ = {
			isa = PBXContainerItemProxy;
			containerPortal = BD87B73D1EA6006C00DF731C /* Project object */;
			proxyType = 1;
			remoteGlobalIDString = BD87B7441EA6006C00DF731C;
			remoteInfo = GeneralNet;
		};
/* End PBXContainerItemProxy section */

/* Begin PBXFileReference section */
		BD1633841EB1B2C8009A3CD5 /* metal_squeezenet.dat */ = {isa = PBXFileReference; lastKnownFileType = file; path = metal_squeezenet.dat; sourceTree = "<group>"; };
		BD2190041EC1C66200DB2E29 /* GeneralNet.h */ = {isa = PBXFileReference; fileEncoding = 4; lastKnownFileType = sourcecode.c.h; path = GeneralNet.h; sourceTree = "<group>"; };
		BD2190051EC1C66200DB2E29 /* GeneralNet.m */ = {isa = PBXFileReference; fileEncoding = 4; lastKnownFileType = sourcecode.c.objc; path = GeneralNet.m; sourceTree = "<group>"; };
		BD5AE7C81EC77AFB00A2BD5F /* GlobalHeader.pch */ = {isa = PBXFileReference; lastKnownFileType = sourcecode.c.h; path = GlobalHeader.pch; sourceTree = "<group>"; };
		BD5F17991EC3322E00A5578B /* googlenet.json */ = {isa = PBXFileReference; fileEncoding = 4; lastKnownFileType = text.json; path = googlenet.json; sourceTree = "<group>"; };
		BD5F179B1EC332AE00A5578B /* alexnet.json */ = {isa = PBXFileReference; fileEncoding = 4; lastKnownFileType = text.json; path = alexnet.json; sourceTree = "<group>"; };
		BD5F179C1EC332AE00A5578B /* squeezenet.json */ = {isa = PBXFileReference; fileEncoding = 4; lastKnownFileType = text.json; path = squeezenet.json; sourceTree = "<group>"; };
		BD87B7451EA6006C00DF731C /* GeneralNet.app */ = {isa = PBXFileReference; explicitFileType = wrapper.application; includeInIndex = 0; path = GeneralNet.app; sourceTree = BUILT_PRODUCTS_DIR; };
		BD87B7491EA6006C00DF731C /* main.m */ = {isa = PBXFileReference; lastKnownFileType = sourcecode.c.objc; path = main.m; sourceTree = "<group>"; };
		BD87B74B1EA6006C00DF731C /* AppDelegate.h */ = {isa = PBXFileReference; lastKnownFileType = sourcecode.c.h; path = AppDelegate.h; sourceTree = "<group>"; };
		BD87B74C1EA6006C00DF731C /* AppDelegate.m */ = {isa = PBXFileReference; lastKnownFileType = sourcecode.c.objc; path = AppDelegate.m; sourceTree = "<group>"; };
		BD87B7521EA6006C00DF731C /* Base */ = {isa = PBXFileReference; lastKnownFileType = file.storyboard; name = Base; path = Base.lproj/Main.storyboard; sourceTree = "<group>"; };
		BD87B7541EA6006C00DF731C /* Assets.xcassets */ = {isa = PBXFileReference; lastKnownFileType = folder.assetcatalog; path = Assets.xcassets; sourceTree = "<group>"; };
		BD87B7571EA6006C00DF731C /* Base */ = {isa = PBXFileReference; lastKnownFileType = file.storyboard; name = Base; path = Base.lproj/LaunchScreen.storyboard; sourceTree = "<group>"; };
		BD87B7591EA6006C00DF731C /* Info.plist */ = {isa = PBXFileReference; lastKnownFileType = text.plist.xml; path = Info.plist; sourceTree = "<group>"; };
		BD87B75E1EA6006C00DF731C /* GeneralNetTests.xctest */ = {isa = PBXFileReference; explicitFileType = wrapper.cfbundle; includeInIndex = 0; path = GeneralNetTests.xctest; sourceTree = BUILT_PRODUCTS_DIR; };
		BD87B7621EA6006C00DF731C /* GeneralNetTests.m */ = {isa = PBXFileReference; lastKnownFileType = sourcecode.c.objc; path = GeneralNetTests.m; sourceTree = "<group>"; };
		BD87B7641EA6006C00DF731C /* Info.plist */ = {isa = PBXFileReference; lastKnownFileType = text.plist.xml; path = Info.plist; sourceTree = "<group>"; };
		BD87B7691EA6006C00DF731C /* GeneralNetUITests.xctest */ = {isa = PBXFileReference; explicitFileType = wrapper.cfbundle; includeInIndex = 0; path = GeneralNetUITests.xctest; sourceTree = BUILT_PRODUCTS_DIR; };
		BD87B76D1EA6006C00DF731C /* GeneralNetUITests.m */ = {isa = PBXFileReference; lastKnownFileType = sourcecode.c.objc; path = GeneralNetUITests.m; sourceTree = "<group>"; };
		BD87B76F1EA6006C00DF731C /* Info.plist */ = {isa = PBXFileReference; lastKnownFileType = text.plist.xml; path = Info.plist; sourceTree = "<group>"; };
		BD87B77B1EA600A300DF731C /* ViewController.h */ = {isa = PBXFileReference; fileEncoding = 4; lastKnownFileType = sourcecode.c.h; path = ViewController.h; sourceTree = "<group>"; };
		BD87B77C1EA600A300DF731C /* ViewController.m */ = {isa = PBXFileReference; fileEncoding = 4; lastKnownFileType = sourcecode.c.objc; path = ViewController.m; sourceTree = "<group>"; };
		BD87B77F1EA600A300DF731C /* SlimMPSCNN.h */ = {isa = PBXFileReference; fileEncoding = 4; lastKnownFileType = sourcecode.c.h; path = SlimMPSCNN.h; sourceTree = "<group>"; };
		BD87B7801EA600A300DF731C /* SlimMPSCNN.m */ = {isa = PBXFileReference; fileEncoding = 4; lastKnownFileType = sourcecode.c.objc; path = SlimMPSCNN.m; sourceTree = "<group>"; };
		BD87B7811EA600A300DF731C /* Shaders.metal */ = {isa = PBXFileReference; fileEncoding = 4; lastKnownFileType = sourcecode.metal; path = Shaders.metal; sourceTree = "<group>"; };
		BD87B7861EA600F600DF731C /* metal_alexnet.dat */ = {isa = PBXFileReference; lastKnownFileType = file; path = metal_alexnet.dat; sourceTree = "<group>"; };
		BD87B7B61EA6013000DF731C /* final7.jpg */ = {isa = PBXFileReference; lastKnownFileType = image.jpeg; path = final7.jpg; sourceTree = "<group>"; };
		BD87B7B71EA6013000DF731C /* final1.jpg */ = {isa = PBXFileReference; lastKnownFileType = image.jpeg; path = final1.jpg; sourceTree = "<group>"; };
		BD87B7B81EA6013000DF731C /* final2.jpg */ = {isa = PBXFileReference; lastKnownFileType = image.jpeg; path = final2.jpg; sourceTree = "<group>"; };
		BD87B7B91EA6013000DF731C /* final3.jpg */ = {isa = PBXFileReference; lastKnownFileType = image.jpeg; path = final3.jpg; sourceTree = "<group>"; };
		BD87B7BA1EA6013000DF731C /* final4.jpg */ = {isa = PBXFileReference; lastKnownFileType = image.jpeg; path = final4.jpg; sourceTree = "<group>"; };
		BD87B7BB1EA6013000DF731C /* final8.jpg */ = {isa = PBXFileReference; lastKnownFileType = image.jpeg; path = final8.jpg; sourceTree = "<group>"; };
		BD87B7BC1EA6013000DF731C /* final5.jpg */ = {isa = PBXFileReference; lastKnownFileType = image.jpeg; path = final5.jpg; sourceTree = "<group>"; };
		BD87B7BD1EA6013000DF731C /* final6.jpg */ = {isa = PBXFileReference; lastKnownFileType = image.jpeg; path = final6.jpg; sourceTree = "<group>"; };
		BD95938F1EAAE8C80095F009 /* final0.jpg */ = {isa = PBXFileReference; lastKnownFileType = image.jpeg; path = final0.jpg; sourceTree = "<group>"; };
		BDB3DE071ECF04FF00F9B865 /* final9.jpg */ = {isa = PBXFileReference; lastKnownFileType = image.jpeg; path = final9.jpg; sourceTree = "<group>"; };
		BDCE1C661ED3E928006BBD69 /* CPULayer.h */ = {isa = PBXFileReference; fileEncoding = 4; lastKnownFileType = sourcecode.c.h; path = CPULayer.h; sourceTree = "<group>"; };
		BDCE1C671ED3E928006BBD69 /* CPULayer.m */ = {isa = PBXFileReference; fileEncoding = 4; lastKnownFileType = sourcecode.c.objc; path = CPULayer.m; sourceTree = "<group>"; };
		BDCE1C691ED3FF37006BBD69 /* cpu_alexnet.dat */ = {isa = PBXFileReference; lastKnownFileType = file; path = cpu_alexnet.dat; sourceTree = "<group>"; };
		BDCE1C6A1ED3FF4B006BBD69 /* cpu_googlenet.dat */ = {isa = PBXFileReference; lastKnownFileType = file; path = cpu_googlenet.dat; sourceTree = "<group>"; };
		BDCE1C6B1ED3FF60006BBD69 /* cpu_squeezenet.dat */ = {isa = PBXFileReference; lastKnownFileType = file; path = cpu_squeezenet.dat; sourceTree = "<group>"; };
		BDF651A81EB06783009E35A6 /* metal_googlenet.dat */ = {isa = PBXFileReference; lastKnownFileType = file; path = metal_googlenet.dat; sourceTree = "<group>"; };
/* End PBXFileReference section */

/* Begin PBXFrameworksBuildPhase section */
		BD87B7421EA6006C00DF731C /* Frameworks */ = {
			isa = PBXFrameworksBuildPhase;
			buildActionMask = 2147483647;
			files = (
			);
			runOnlyForDeploymentPostprocessing = 0;
		};
		BD87B75B1EA6006C00DF731C /* Frameworks */ = {
			isa = PBXFrameworksBuildPhase;
			buildActionMask = 2147483647;
			files = (
			);
			runOnlyForDeploymentPostprocessing = 0;
		};
		BD87B7661EA6006C00DF731C /* Frameworks */ = {
			isa = PBXFrameworksBuildPhase;
			buildActionMask = 2147483647;
			files = (
			);
			runOnlyForDeploymentPostprocessing = 0;
		};
/* End PBXFrameworksBuildPhase section */

/* Begin PBXGroup section */
		BD87B73C1EA6006C00DF731C = {
			isa = PBXGroup;
			children = (
				BD87B7471EA6006C00DF731C /* GeneralNet */,
				BD87B7611EA6006C00DF731C /* GeneralNetTests */,
				BD87B76C1EA6006C00DF731C /* GeneralNetUITests */,
				BD87B7461EA6006C00DF731C /* Products */,
			);
			sourceTree = "<group>";
		};
		BD87B7461EA6006C00DF731C /* Products */ = {
			isa = PBXGroup;
			children = (
				BD87B7451EA6006C00DF731C /* GeneralNet.app */,
				BD87B75E1EA6006C00DF731C /* GeneralNetTests.xctest */,
				BD87B7691EA6006C00DF731C /* GeneralNetUITests.xctest */,
			);
			name = Products;
			sourceTree = "<group>";
		};
		BD87B7471EA6006C00DF731C /* GeneralNet */ = {
			isa = PBXGroup;
			children = (
				BD87B74B1EA6006C00DF731C /* AppDelegate.h */,
				BD87B74C1EA6006C00DF731C /* AppDelegate.m */,
				BD87B77B1EA600A300DF731C /* ViewController.h */,
				BD87B77C1EA600A300DF731C /* ViewController.m */,
				BD2190041EC1C66200DB2E29 /* GeneralNet.h */,
				BD2190051EC1C66200DB2E29 /* GeneralNet.m */,
				BD87B77F1EA600A300DF731C /* SlimMPSCNN.h */,
				BD87B7801EA600A300DF731C /* SlimMPSCNN.m */,
				BDCE1C661ED3E928006BBD69 /* CPULayer.h */,
				BDCE1C671ED3E928006BBD69 /* CPULayer.m */,
				BD87B7811EA600A300DF731C /* Shaders.metal */,
				BD87B7511EA6006C00DF731C /* Main.storyboard */,
				BD5AE7C81EC77AFB00A2BD5F /* GlobalHeader.pch */,
				BD5F179B1EC332AE00A5578B /* alexnet.json */,
				BD5F17991EC3322E00A5578B /* googlenet.json */,
				BD5F179C1EC332AE00A5578B /* squeezenet.json */,
				BD87B7861EA600F600DF731C /* metal_alexnet.dat */,
				BDF651A81EB06783009E35A6 /* metal_googlenet.dat */,
				BD1633841EB1B2C8009A3CD5 /* metal_squeezenet.dat */,
				BDCE1C691ED3FF37006BBD69 /* cpu_alexnet.dat */,
				BDCE1C6A1ED3FF4B006BBD69 /* cpu_googlenet.dat */,
				BDCE1C6B1ED3FF60006BBD69 /* cpu_squeezenet.dat */,
				BD87B7541EA6006C00DF731C /* Assets.xcassets */,
				BD87B7561EA6006C00DF731C /* LaunchScreen.storyboard */,
				BD87B7591EA6006C00DF731C /* Info.plist */,
				BD87B7C61EA6013700DF731C /* images */,
				BD87B7481EA6006C00DF731C /* Supporting Files */,
			);
			path = GeneralNet;
			sourceTree = "<group>";
		};
		BD87B7481EA6006C00DF731C /* Supporting Files */ = {
			isa = PBXGroup;
			children = (
				BD87B7491EA6006C00DF731C /* main.m */,
			);
			name = "Supporting Files";
			sourceTree = "<group>";
		};
		BD87B7611EA6006C00DF731C /* GeneralNetTests */ = {
			isa = PBXGroup;
			children = (
				BD87B7621EA6006C00DF731C /* GeneralNetTests.m */,
				BD87B7641EA6006C00DF731C /* Info.plist */,
			);
			path = GeneralNetTests;
			sourceTree = "<group>";
		};
		BD87B76C1EA6006C00DF731C /* GeneralNetUITests */ = {
			isa = PBXGroup;
			children = (
				BD87B76D1EA6006C00DF731C /* GeneralNetUITests.m */,
				BD87B76F1EA6006C00DF731C /* Info.plist */,
			);
			path = GeneralNetUITests;
			sourceTree = "<group>";
		};
		BD87B7C61EA6013700DF731C /* images */ = {
			isa = PBXGroup;
			children = (
				BD95938F1EAAE8C80095F009 /* final0.jpg */,
				BD87B7B71EA6013000DF731C /* final1.jpg */,
				BD87B7B81EA6013000DF731C /* final2.jpg */,
				BD87B7B91EA6013000DF731C /* final3.jpg */,
				BD87B7BA1EA6013000DF731C /* final4.jpg */,
				BD87B7BC1EA6013000DF731C /* final5.jpg */,
				BD87B7BD1EA6013000DF731C /* final6.jpg */,
				BD87B7B61EA6013000DF731C /* final7.jpg */,
				BD87B7BB1EA6013000DF731C /* final8.jpg */,
				BDB3DE071ECF04FF00F9B865 /* final9.jpg */,
			);
			name = images;
			sourceTree = "<group>";
		};
/* End PBXGroup section */

/* Begin PBXNativeTarget section */
		BD87B7441EA6006C00DF731C /* GeneralNet */ = {
			isa = PBXNativeTarget;
			buildConfigurationList = BD87B7721EA6006C00DF731C /* Build configuration list for PBXNativeTarget "GeneralNet" */;
			buildPhases = (
				BD87B7411EA6006C00DF731C /* Sources */,
				BD87B7421EA6006C00DF731C /* Frameworks */,
				BD87B7431EA6006C00DF731C /* Resources */,
			);
			buildRules = (
			);
			dependencies = (
			);
			name = GeneralNet;
			productName = GeneralNet;
			productReference = BD87B7451EA6006C00DF731C /* GeneralNet.app */;
			productType = "com.apple.product-type.application";
		};
		BD87B75D1EA6006C00DF731C /* GeneralNetTests */ = {
			isa = PBXNativeTarget;
			buildConfigurationList = BD87B7751EA6006C00DF731C /* Build configuration list for PBXNativeTarget "GeneralNetTests" */;
			buildPhases = (
				BD87B75A1EA6006C00DF731C /* Sources */,
				BD87B75B1EA6006C00DF731C /* Frameworks */,
				BD87B75C1EA6006C00DF731C /* Resources */,
			);
			buildRules = (
			);
			dependencies = (
				BD87B7601EA6006C00DF731C /* PBXTargetDependency */,
			);
			name = GeneralNetTests;
			productName = GeneralNetTests;
			productReference = BD87B75E1EA6006C00DF731C /* GeneralNetTests.xctest */;
			productType = "com.apple.product-type.bundle.unit-test";
		};
		BD87B7681EA6006C00DF731C /* GeneralNetUITests */ = {
			isa = PBXNativeTarget;
			buildConfigurationList = BD87B7781EA6006C00DF731C /* Build configuration list for PBXNativeTarget "GeneralNetUITests" */;
			buildPhases = (
				BD87B7651EA6006C00DF731C /* Sources */,
				BD87B7661EA6006C00DF731C /* Frameworks */,
				BD87B7671EA6006C00DF731C /* Resources */,
			);
			buildRules = (
			);
			dependencies = (
				BD87B76B1EA6006C00DF731C /* PBXTargetDependency */,
			);
			name = GeneralNetUITests;
			productName = GeneralNetUITests;
			productReference = BD87B7691EA6006C00DF731C /* GeneralNetUITests.xctest */;
			productType = "com.apple.product-type.bundle.ui-testing";
		};
/* End PBXNativeTarget section */

/* Begin PBXProject section */
		BD87B73D1EA6006C00DF731C /* Project object */ = {
			isa = PBXProject;
			attributes = {
				LastUpgradeCheck = 0830;
				ORGANIZATIONNAME = "\bLun";
				TargetAttributes = {
					BD87B7441EA6006C00DF731C = {
						CreatedOnToolsVersion = 8.3.1;
						DevelopmentTeam = H932E53VEH;
						ProvisioningStyle = Automatic;
					};
					BD87B75D1EA6006C00DF731C = {
						CreatedOnToolsVersion = 8.3.1;
						DevelopmentTeam = DXJ7AC4744;
						ProvisioningStyle = Automatic;
						TestTargetID = BD87B7441EA6006C00DF731C;
					};
					BD87B7681EA6006C00DF731C = {
						CreatedOnToolsVersion = 8.3.1;
						DevelopmentTeam = DXJ7AC4744;
						ProvisioningStyle = Automatic;
						TestTargetID = BD87B7441EA6006C00DF731C;
					};
				};
			};
			buildConfigurationList = BD87B7401EA6006C00DF731C /* Build configuration list for PBXProject "GeneralNet" */;
			compatibilityVersion = "Xcode 3.2";
			developmentRegion = English;
			hasScannedForEncodings = 0;
			knownRegions = (
				en,
				Base,
			);
			mainGroup = BD87B73C1EA6006C00DF731C;
			productRefGroup = BD87B7461EA6006C00DF731C /* Products */;
			projectDirPath = "";
			projectRoot = "";
			targets = (
				BD87B7441EA6006C00DF731C /* GeneralNet */,
				BD87B75D1EA6006C00DF731C /* GeneralNetTests */,
				BD87B7681EA6006C00DF731C /* GeneralNetUITests */,
			);
		};
/* End PBXProject section */

/* Begin PBXResourcesBuildPhase section */
		BD87B7431EA6006C00DF731C /* Resources */ = {
			isa = PBXResourcesBuildPhase;
			buildActionMask = 2147483647;
			files = (
				BD87B7C21EA6013000DF731C /* final4.jpg in Resources */,
				BD87B7BF1EA6013000DF731C /* final1.jpg in Resources */,
				BD5F179E1EC332AE00A5578B /* squeezenet.json in Resources */,
				BD87B7C31EA6013000DF731C /* final8.jpg in Resources */,
				BD1633851EB1B2C8009A3CD5 /* metal_squeezenet.dat in Resources */,
				BD5F179D1EC332AE00A5578B /* alexnet.json in Resources */,
				BD87B7581EA6006C00DF731C /* LaunchScreen.storyboard in Resources */,
				BD87B7C01EA6013000DF731C /* final2.jpg in Resources */,
				BD87B7C41EA6013000DF731C /* final5.jpg in Resources */,
				BDF651A91EB06783009E35A6 /* metal_googlenet.dat in Resources */,
				BD87B7C51EA6013000DF731C /* final6.jpg in Resources */,
				BDB3DE081ECF04FF00F9B865 /* final9.jpg in Resources */,
				BD87B7A21EA600F600DF731C /* metal_alexnet.dat in Resources */,
				BD87B7BE1EA6013000DF731C /* final7.jpg in Resources */,
				BD87B7551EA6006C00DF731C /* Assets.xcassets in Resources */,
				BD9593901EAAE8C80095F009 /* final0.jpg in Resources */,
				BD5F179A1EC3322E00A5578B /* googlenet.json in Resources */,
				BD87B7C11EA6013000DF731C /* final3.jpg in Resources */,
				BD87B7531EA6006C00DF731C /* Main.storyboard in Resources */,
			);
			runOnlyForDeploymentPostprocessing = 0;
		};
		BD87B75C1EA6006C00DF731C /* Resources */ = {
			isa = PBXResourcesBuildPhase;
			buildActionMask = 2147483647;
			files = (
			);
			runOnlyForDeploymentPostprocessing = 0;
		};
		BD87B7671EA6006C00DF731C /* Resources */ = {
			isa = PBXResourcesBuildPhase;
			buildActionMask = 2147483647;
			files = (
			);
			runOnlyForDeploymentPostprocessing = 0;
		};
/* End PBXResourcesBuildPhase section */

/* Begin PBXSourcesBuildPhase section */
		BD87B7411EA6006C00DF731C /* Sources */ = {
			isa = PBXSourcesBuildPhase;
			buildActionMask = 2147483647;
			files = (
				BD87B7851EA600A300DF731C /* Shaders.metal in Sources */,
				BD87B7821EA600A300DF731C /* ViewController.m in Sources */,
				BD87B7841EA600A300DF731C /* SlimMPSCNN.m in Sources */,
				BD2190061EC1C66200DB2E29 /* GeneralNet.m in Sources */,
				BD87B74D1EA6006C00DF731C /* AppDelegate.m in Sources */,
				BDCE1C681ED3E928006BBD69 /* CPULayer.m in Sources */,
				BD87B74A1EA6006C00DF731C /* main.m in Sources */,
			);
			runOnlyForDeploymentPostprocessing = 0;
		};
		BD87B75A1EA6006C00DF731C /* Sources */ = {
			isa = PBXSourcesBuildPhase;
			buildActionMask = 2147483647;
			files = (
				BD87B7631EA6006C00DF731C /* GeneralNetTests.m in Sources */,
			);
			runOnlyForDeploymentPostprocessing = 0;
		};
		BD87B7651EA6006C00DF731C /* Sources */ = {
			isa = PBXSourcesBuildPhase;
			buildActionMask = 2147483647;
			files = (
				BD87B76E1EA6006C00DF731C /* GeneralNetUITests.m in Sources */,
			);
			runOnlyForDeploymentPostprocessing = 0;
		};
/* End PBXSourcesBuildPhase section */

/* Begin PBXTargetDependency section */
		BD87B7601EA6006C00DF731C /* PBXTargetDependency */ = {
			isa = PBXTargetDependency;
			target = BD87B7441EA6006C00DF731C /* GeneralNet */;
			targetProxy = BD87B75F1EA6006C00DF731C /* PBXContainerItemProxy */;
		};
		BD87B76B1EA6006C00DF731C /* PBXTargetDependency */ = {
			isa = PBXTargetDependency;
			target = BD87B7441EA6006C00DF731C /* GeneralNet */;
			targetProxy = BD87B76A1EA6006C00DF731C /* PBXContainerItemProxy */;
		};
/* End PBXTargetDependency section */

/* Begin PBXVariantGroup section */
		BD87B7511EA6006C00DF731C /* Main.storyboard */ = {
			isa = PBXVariantGroup;
			children = (
				BD87B7521EA6006C00DF731C /* Base */,
			);
			name = Main.storyboard;
			sourceTree = "<group>";
		};
		BD87B7561EA6006C00DF731C /* LaunchScreen.storyboard */ = {
			isa = PBXVariantGroup;
			children = (
				BD87B7571EA6006C00DF731C /* Base */,
			);
			name = LaunchScreen.storyboard;
			sourceTree = "<group>";
		};
/* End PBXVariantGroup section */

/* Begin XCBuildConfiguration section */
		BD87B7701EA6006C00DF731C /* Debug */ = {
			isa = XCBuildConfiguration;
			buildSettings = {
				ALWAYS_SEARCH_USER_PATHS = NO;
				CLANG_ANALYZER_NONNULL = YES;
				CLANG_ANALYZER_NUMBER_OBJECT_CONVERSION = YES_AGGRESSIVE;
				CLANG_CXX_LANGUAGE_STANDARD = "gnu++0x";
				CLANG_CXX_LIBRARY = "libc++";
				CLANG_ENABLE_MODULES = YES;
				CLANG_ENABLE_OBJC_ARC = YES;
				CLANG_WARN_BOOL_CONVERSION = YES;
				CLANG_WARN_CONSTANT_CONVERSION = YES;
				CLANG_WARN_DIRECT_OBJC_ISA_USAGE = YES_ERROR;
				CLANG_WARN_DOCUMENTATION_COMMENTS = YES;
				CLANG_WARN_EMPTY_BODY = YES;
				CLANG_WARN_ENUM_CONVERSION = YES;
				CLANG_WARN_INFINITE_RECURSION = YES;
				CLANG_WARN_INT_CONVERSION = YES;
				CLANG_WARN_OBJC_ROOT_CLASS = YES_ERROR;
				CLANG_WARN_SUSPICIOUS_MOVE = YES;
				CLANG_WARN_UNREACHABLE_CODE = YES;
				CLANG_WARN__DUPLICATE_METHOD_MATCH = YES;
				"CODE_SIGN_IDENTITY[sdk=iphoneos*]" = "iPhone Developer";
				COPY_PHASE_STRIP = NO;
				DEBUG_INFORMATION_FORMAT = dwarf;
				ENABLE_STRICT_OBJC_MSGSEND = YES;
				ENABLE_TESTABILITY = YES;
				GCC_C_LANGUAGE_STANDARD = gnu99;
				GCC_DYNAMIC_NO_PIC = NO;
				GCC_NO_COMMON_BLOCKS = YES;
				GCC_OPTIMIZATION_LEVEL = 0;
				GCC_PREPROCESSOR_DEFINITIONS = (
					"DEBUG=1",
					"$(inherited)",
				);
				GCC_WARN_64_TO_32_BIT_CONVERSION = YES;
				GCC_WARN_ABOUT_RETURN_TYPE = YES_ERROR;
				GCC_WARN_UNDECLARED_SELECTOR = YES;
				GCC_WARN_UNINITIALIZED_AUTOS = YES_AGGRESSIVE;
				GCC_WARN_UNUSED_FUNCTION = YES;
				GCC_WARN_UNUSED_VARIABLE = YES;
				IPHONEOS_DEPLOYMENT_TARGET = 10.3;
				MTL_ENABLE_DEBUG_INFO = YES;
				ONLY_ACTIVE_ARCH = YES;
				SDKROOT = iphoneos;
				TARGETED_DEVICE_FAMILY = "1,2";
			};
			name = Debug;
		};
		BD87B7711EA6006C00DF731C /* Release */ = {
			isa = XCBuildConfiguration;
			buildSettings = {
				ALWAYS_SEARCH_USER_PATHS = NO;
				CLANG_ANALYZER_NONNULL = YES;
				CLANG_ANALYZER_NUMBER_OBJECT_CONVERSION = YES_AGGRESSIVE;
				CLANG_CXX_LANGUAGE_STANDARD = "gnu++0x";
				CLANG_CXX_LIBRARY = "libc++";
				CLANG_ENABLE_MODULES = YES;
				CLANG_ENABLE_OBJC_ARC = YES;
				CLANG_WARN_BOOL_CONVERSION = YES;
				CLANG_WARN_CONSTANT_CONVERSION = YES;
				CLANG_WARN_DIRECT_OBJC_ISA_USAGE = YES_ERROR;
				CLANG_WARN_DOCUMENTATION_COMMENTS = YES;
				CLANG_WARN_EMPTY_BODY = YES;
				CLANG_WARN_ENUM_CONVERSION = YES;
				CLANG_WARN_INFINITE_RECURSION = YES;
				CLANG_WARN_INT_CONVERSION = YES;
				CLANG_WARN_OBJC_ROOT_CLASS = YES_ERROR;
				CLANG_WARN_SUSPICIOUS_MOVE = YES;
				CLANG_WARN_UNREACHABLE_CODE = YES;
				CLANG_WARN__DUPLICATE_METHOD_MATCH = YES;
				"CODE_SIGN_IDENTITY[sdk=iphoneos*]" = "iPhone Developer";
				COPY_PHASE_STRIP = NO;
				DEBUG_INFORMATION_FORMAT = "dwarf-with-dsym";
				ENABLE_NS_ASSERTIONS = NO;
				ENABLE_STRICT_OBJC_MSGSEND = YES;
				GCC_C_LANGUAGE_STANDARD = gnu99;
				GCC_NO_COMMON_BLOCKS = YES;
				GCC_WARN_64_TO_32_BIT_CONVERSION = YES;
				GCC_WARN_ABOUT_RETURN_TYPE = YES_ERROR;
				GCC_WARN_UNDECLARED_SELECTOR = YES;
				GCC_WARN_UNINITIALIZED_AUTOS = YES_AGGRESSIVE;
				GCC_WARN_UNUSED_FUNCTION = YES;
				GCC_WARN_UNUSED_VARIABLE = YES;
				IPHONEOS_DEPLOYMENT_TARGET = 10.3;
				MTL_ENABLE_DEBUG_INFO = NO;
				SDKROOT = iphoneos;
				TARGETED_DEVICE_FAMILY = "1,2";
				VALIDATE_PRODUCT = YES;
			};
			name = Release;
		};
		BD87B7731EA6006C00DF731C /* Debug */ = {
			isa = XCBuildConfiguration;
			buildSettings = {
				ASSETCATALOG_COMPILER_APPICON_NAME = AppIcon;
				DEVELOPMENT_TEAM = H932E53VEH;
				GCC_PRECOMPILE_PREFIX_HEADER = YES;
				GCC_PREFIX_HEADER = "$(SRCROOT)/GeneralNet/GlobalHeader.pch";
				GCC_PREPROCESSOR_DEFINITIONS_NOT_USED_IN_PRECOMPS = "";
				INFOPLIST_FILE = GeneralNet/Info.plist;
				LD_RUNPATH_SEARCH_PATHS = "$(inherited) @executable_path/Frameworks";
				PRODUCT_BUNDLE_IDENTIFIER = Lun.GeneralNet;
				PRODUCT_NAME = "$(TARGET_NAME)";
			};
			name = Debug;
		};
		BD87B7741EA6006C00DF731C /* Release */ = {
			isa = XCBuildConfiguration;
			buildSettings = {
				ASSETCATALOG_COMPILER_APPICON_NAME = AppIcon;
				DEVELOPMENT_TEAM = H932E53VEH;
				GCC_PRECOMPILE_PREFIX_HEADER = YES;
				GCC_PREFIX_HEADER = "$(SRCROOT)/GeneralNet/GlobalHeader.pch";
				GCC_PREPROCESSOR_DEFINITIONS_NOT_USED_IN_PRECOMPS = "";
				INFOPLIST_FILE = GeneralNet/Info.plist;
				LD_RUNPATH_SEARCH_PATHS = "$(inherited) @executable_path/Frameworks";
				PRODUCT_BUNDLE_IDENTIFIER = Lun.GeneralNet;
				PRODUCT_NAME = "$(TARGET_NAME)";
			};
			name = Release;
		};
		BD87B7761EA6006C00DF731C /* Debug */ = {
			isa = XCBuildConfiguration;
			buildSettings = {
				BUNDLE_LOADER = "$(TEST_HOST)";
				DEVELOPMENT_TEAM = DXJ7AC4744;
				INFOPLIST_FILE = GeneralNetTests/Info.plist;
				LD_RUNPATH_SEARCH_PATHS = "$(inherited) @executable_path/Frameworks @loader_path/Frameworks";
				PRODUCT_BUNDLE_IDENTIFIER = Lun.GeneralNetTests;
				PRODUCT_NAME = "$(TARGET_NAME)";
				TEST_HOST = "$(BUILT_PRODUCTS_DIR)/GeneralNet.app/GeneralNet";
			};
			name = Debug;
		};
		BD87B7771EA6006C00DF731C /* Release */ = {
			isa = XCBuildConfiguration;
			buildSettings = {
				BUNDLE_LOADER = "$(TEST_HOST)";
				DEVELOPMENT_TEAM = DXJ7AC4744;
				INFOPLIST_FILE = GeneralNetTests/Info.plist;
				LD_RUNPATH_SEARCH_PATHS = "$(inherited) @executable_path/Frameworks @loader_path/Frameworks";
				PRODUCT_BUNDLE_IDENTIFIER = Lun.GeneralNetTests;
				PRODUCT_NAME = "$(TARGET_NAME)";
				TEST_HOST = "$(BUILT_PRODUCTS_DIR)/GeneralNet.app/GeneralNet";
			};
			name = Release;
		};
		BD87B7791EA6006C00DF731C /* Debug */ = {
			isa = XCBuildConfiguration;
			buildSettings = {
				DEVELOPMENT_TEAM = DXJ7AC4744;
				INFOPLIST_FILE = GeneralNetUITests/Info.plist;
				LD_RUNPATH_SEARCH_PATHS = "$(inherited) @executable_path/Frameworks @loader_path/Frameworks";
				PRODUCT_BUNDLE_IDENTIFIER = Lun.GeneralNetUITests;
				PRODUCT_NAME = "$(TARGET_NAME)";
				TEST_TARGET_NAME = GeneralNet;
			};
			name = Debug;
		};
		BD87B77A1EA6006C00DF731C /* Release */ = {
			isa = XCBuildConfiguration;
			buildSettings = {
				DEVELOPMENT_TEAM = DXJ7AC4744;
				INFOPLIST_FILE = GeneralNetUITests/Info.plist;
				LD_RUNPATH_SEARCH_PATHS = "$(inherited) @executable_path/Frameworks @loader_path/Frameworks";
				PRODUCT_BUNDLE_IDENTIFIER = Lun.GeneralNetUITests;
				PRODUCT_NAME = "$(TARGET_NAME)";
				TEST_TARGET_NAME = GeneralNet;
			};
			name = Release;
		};
/* End XCBuildConfiguration section */

/* Begin XCConfigurationList section */
		BD87B7401EA6006C00DF731C /* Build configuration list for PBXProject "GeneralNet" */ = {
			isa = XCConfigurationList;
			buildConfigurations = (
				BD87B7701EA6006C00DF731C /* Debug */,
				BD87B7711EA6006C00DF731C /* Release */,
			);
			defaultConfigurationIsVisible = 0;
			defaultConfigurationName = Release;
		};
		BD87B7721EA6006C00DF731C /* Build configuration list for PBXNativeTarget "GeneralNet" */ = {
			isa = XCConfigurationList;
			buildConfigurations = (
				BD87B7731EA6006C00DF731C /* Debug */,
				BD87B7741EA6006C00DF731C /* Release */,
			);
			defaultConfigurationIsVisible = 0;
			defaultConfigurationName = Release;
		};
		BD87B7751EA6006C00DF731C /* Build configuration list for PBXNativeTarget "GeneralNetTests" */ = {
			isa = XCConfigurationList;
			buildConfigurations = (
				BD87B7761EA6006C00DF731C /* Debug */,
				BD87B7771EA6006C00DF731C /* Release */,
			);
			defaultConfigurationIsVisible = 0;
			defaultConfigurationName = Release;
		};
		BD87B7781EA6006C00DF731C /* Build configuration list for PBXNativeTarget "GeneralNetUITests" */ = {
			isa = XCConfigurationList;
			buildConfigurations = (
				BD87B7791EA6006C00DF731C /* Debug */,
				BD87B77A1EA6006C00DF731C /* Release */,
			);
			defaultConfigurationIsVisible = 0;
			defaultConfigurationName = Release;
		};
/* End XCConfigurationList section */
	};
	rootObject = BD87B73D1EA6006C00DF731C /* Project object */;
}
